// !$*UTF8*$!
{
	archiveVersion = 1;
	classes = {
	};
	objectVersion = 46;
	objects = {

/* Begin PBXBuildFile section */
		370151B515F5B0FE004C7E58 /* FSNetwork.m in Sources */ = {isa = PBXBuildFile; fileRef = 370151B415F5B0FE004C7E58 /* FSNetwork.m */; };
		370151B915F5B107004C7E58 /* HCNetwork.m in Sources */ = {isa = PBXBuildFile; fileRef = 370151B815F5B107004C7E58 /* HCNetwork.m */; };
		370151BC15F5B58B004C7E58 /* NSDictionary+Utils.m in Sources */ = {isa = PBXBuildFile; fileRef = 370151BB15F5B58B004C7E58 /* NSDictionary+Utils.m */; };
		370151BF15F5C083004C7E58 /* VenueSampleViewController.m in Sources */ = {isa = PBXBuildFile; fileRef = 370151BE15F5C082004C7E58 /* VenueSampleViewController.m */; };
		375971DC15F45DCF00924643 /* UIKit.framework in Frameworks */ = {isa = PBXBuildFile; fileRef = 375971DB15F45DCF00924643 /* UIKit.framework */; };
		375971DE15F45DCF00924643 /* Foundation.framework in Frameworks */ = {isa = PBXBuildFile; fileRef = 375971DD15F45DCF00924643 /* Foundation.framework */; };
		375971E015F45DCF00924643 /* CoreGraphics.framework in Frameworks */ = {isa = PBXBuildFile; fileRef = 375971DF15F45DCF00924643 /* CoreGraphics.framework */; };
		375971E615F45DCF00924643 /* InfoPlist.strings in Resources */ = {isa = PBXBuildFile; fileRef = 375971E415F45DCF00924643 /* InfoPlist.strings */; };
		375971E815F45DCF00924643 /* main.m in Sources */ = {isa = PBXBuildFile; fileRef = 375971E715F45DCF00924643 /* main.m */; };
		375971EC15F45DCF00924643 /* AppDelegate.m in Sources */ = {isa = PBXBuildFile; fileRef = 375971EB15F45DCF00924643 /* AppDelegate.m */; };
		375971EF15F45DCF00924643 /* MainStoryboard.storyboard in Resources */ = {isa = PBXBuildFile; fileRef = 375971ED15F45DCF00924643 /* MainStoryboard.storyboard */; };
		375971F215F45DCF00924643 /* ViewController.m in Sources */ = {isa = PBXBuildFile; fileRef = 375971F115F45DCF00924643 /* ViewController.m */; };
		375971FC15F45DE700924643 /* AudioToolbox.framework in Frameworks */ = {isa = PBXBuildFile; fileRef = 375971F815F45DE700924643 /* AudioToolbox.framework */; };
		375971FE15F45DE700924643 /* AVFoundation.framework in Frameworks */ = {isa = PBXBuildFile; fileRef = 375971FA15F45DE700924643 /* AVFoundation.framework */; };
		375971FF15F45DE700924643 /* CoreLocation.framework in Frameworks */ = {isa = PBXBuildFile; fileRef = 375971FB15F45DE700924643 /* CoreLocation.framework */; };
		3759720A15F45E3A00924643 /* MainViewController.m in Sources */ = {isa = PBXBuildFile; fileRef = 3759720815F45E3A00924643 /* MainViewController.m */; };
		3759721015F45E4D00924643 /* AboutViewController.m in Sources */ = {isa = PBXBuildFile; fileRef = 3759720E15F45E4D00924643 /* AboutViewController.m */; };
		3759721115F45E4D00924643 /* AboutViewController.xib in Resources */ = {isa = PBXBuildFile; fileRef = 3759720F15F45E4D00924643 /* AboutViewController.xib */; };
		3759721415F45F5C00924643 /* FoursquareNetworkController.m in Sources */ = {isa = PBXBuildFile; fileRef = 3759721315F45F5C00924643 /* FoursquareNetworkController.m */; };
		3759721715F4617A00924643 /* AuthenticationViewController.m in Sources */ = {isa = PBXBuildFile; fileRef = 3759721615F4617A00924643 /* AuthenticationViewController.m */; };
		37A4564415F468A100A76BFF /* VenuesViewController.m in Sources */ = {isa = PBXBuildFile; fileRef = 37A4564315F468A100A76BFF /* VenuesViewController.m */; };
		37A4564715F4690800A76BFF /* connect-black@2x.png in Resources */ = {isa = PBXBuildFile; fileRef = 37A4564515F4690800A76BFF /* connect-black@2x.png */; };
		37A4564815F4690800A76BFF /* connect-black.png in Resources */ = {isa = PBXBuildFile; fileRef = 37A4564615F4690800A76BFF /* connect-black.png */; };
		37A4565115F479BD00A76BFF /* HCUtils.m in Sources */ = {isa = PBXBuildFile; fileRef = 37A4565015F479BD00A76BFF /* HCUtils.m */; };
		37A4565415F4968F00A76BFF /* VenueDetailControllerViewController.m in Sources */ = {isa = PBXBuildFile; fileRef = 37A4565315F4968F00A76BFF /* VenueDetailControllerViewController.m */; };
/* End PBXBuildFile section */

/* Begin PBXFileReference section */
		370151B315F5B0FE004C7E58 /* FSNetwork.h */ = {isa = PBXFileReference; fileEncoding = 4; lastKnownFileType = sourcecode.c.h; path = FSNetwork.h; sourceTree = "<group>"; };
		370151B415F5B0FE004C7E58 /* FSNetwork.m */ = {isa = PBXFileReference; fileEncoding = 4; lastKnownFileType = sourcecode.c.objc; path = FSNetwork.m; sourceTree = "<group>"; };
		370151B715F5B107004C7E58 /* HCNetwork.h */ = {isa = PBXFileReference; fileEncoding = 4; lastKnownFileType = sourcecode.c.h; path = HCNetwork.h; sourceTree = "<group>"; };
		370151B815F5B107004C7E58 /* HCNetwork.m */ = {isa = PBXFileReference; fileEncoding = 4; lastKnownFileType = sourcecode.c.objc; path = HCNetwork.m; sourceTree = "<group>"; };
		370151BA15F5B58B004C7E58 /* NSDictionary+Utils.h */ = {isa = PBXFileReference; fileEncoding = 4; lastKnownFileType = sourcecode.c.h; path = "NSDictionary+Utils.h"; sourceTree = "<group>"; };
		370151BB15F5B58B004C7E58 /* NSDictionary+Utils.m */ = {isa = PBXFileReference; fileEncoding = 4; lastKnownFileType = sourcecode.c.objc; path = "NSDictionary+Utils.m"; sourceTree = "<group>"; };
		370151BD15F5C082004C7E58 /* VenueSampleViewController.h */ = {isa = PBXFileReference; fileEncoding = 4; lastKnownFileType = sourcecode.c.h; path = VenueSampleViewController.h; sourceTree = "<group>"; };
		370151BE15F5C082004C7E58 /* VenueSampleViewController.m */ = {isa = PBXFileReference; fileEncoding = 4; lastKnownFileType = sourcecode.c.objc; path = VenueSampleViewController.m; sourceTree = "<group>"; };
		375971D715F45DCF00924643 /* HearClear.app */ = {isa = PBXFileReference; explicitFileType = wrapper.application; includeInIndex = 0; path = HearClear.app; sourceTree = BUILT_PRODUCTS_DIR; };
		375971DB15F45DCF00924643 /* UIKit.framework */ = {isa = PBXFileReference; lastKnownFileType = wrapper.framework; name = UIKit.framework; path = System/Library/Frameworks/UIKit.framework; sourceTree = SDKROOT; };
		375971DD15F45DCF00924643 /* Foundation.framework */ = {isa = PBXFileReference; lastKnownFileType = wrapper.framework; name = Foundation.framework; path = System/Library/Frameworks/Foundation.framework; sourceTree = SDKROOT; };
		375971DF15F45DCF00924643 /* CoreGraphics.framework */ = {isa = PBXFileReference; lastKnownFileType = wrapper.framework; name = CoreGraphics.framework; path = System/Library/Frameworks/CoreGraphics.framework; sourceTree = SDKROOT; };
		375971E315F45DCF00924643 /* HearClear-Info.plist */ = {isa = PBXFileReference; lastKnownFileType = text.plist.xml; path = "HearClear-Info.plist"; sourceTree = "<group>"; };
		375971E515F45DCF00924643 /* en */ = {isa = PBXFileReference; lastKnownFileType = text.plist.strings; name = en; path = en.lproj/InfoPlist.strings; sourceTree = "<group>"; };
		375971E715F45DCF00924643 /* main.m */ = {isa = PBXFileReference; lastKnownFileType = sourcecode.c.objc; path = main.m; sourceTree = "<group>"; };
		375971E915F45DCF00924643 /* HearClear-Prefix.pch */ = {isa = PBXFileReference; lastKnownFileType = sourcecode.c.h; path = "HearClear-Prefix.pch"; sourceTree = "<group>"; };
		375971EA15F45DCF00924643 /* AppDelegate.h */ = {isa = PBXFileReference; lastKnownFileType = sourcecode.c.h; path = AppDelegate.h; sourceTree = "<group>"; };
		375971EB15F45DCF00924643 /* AppDelegate.m */ = {isa = PBXFileReference; lastKnownFileType = sourcecode.c.objc; path = AppDelegate.m; sourceTree = "<group>"; };
		375971EE15F45DCF00924643 /* en */ = {isa = PBXFileReference; lastKnownFileType = file.storyboard; name = en; path = en.lproj/MainStoryboard.storyboard; sourceTree = "<group>"; };
		375971F015F45DCF00924643 /* ViewController.h */ = {isa = PBXFileReference; lastKnownFileType = sourcecode.c.h; path = ViewController.h; sourceTree = "<group>"; };
		375971F115F45DCF00924643 /* ViewController.m */ = {isa = PBXFileReference; lastKnownFileType = sourcecode.c.objc; path = ViewController.m; sourceTree = "<group>"; };
		375971F815F45DE700924643 /* AudioToolbox.framework */ = {isa = PBXFileReference; lastKnownFileType = wrapper.framework; name = AudioToolbox.framework; path = System/Library/Frameworks/AudioToolbox.framework; sourceTree = SDKROOT; };
		375971FA15F45DE700924643 /* AVFoundation.framework */ = {isa = PBXFileReference; lastKnownFileType = wrapper.framework; name = AVFoundation.framework; path = System/Library/Frameworks/AVFoundation.framework; sourceTree = SDKROOT; };
		375971FB15F45DE700924643 /* CoreLocation.framework */ = {isa = PBXFileReference; lastKnownFileType = wrapper.framework; name = CoreLocation.framework; path = System/Library/Frameworks/CoreLocation.framework; sourceTree = SDKROOT; };
		3759720715F45E3A00924643 /* MainViewController.h */ = {isa = PBXFileReference; fileEncoding = 4; lastKnownFileType = sourcecode.c.h; path = MainViewController.h; sourceTree = "<group>"; };
		3759720815F45E3A00924643 /* MainViewController.m */ = {isa = PBXFileReference; fileEncoding = 4; lastKnownFileType = sourcecode.c.objc; path = MainViewController.m; sourceTree = "<group>"; };
		3759720D15F45E4D00924643 /* AboutViewController.h */ = {isa = PBXFileReference; fileEncoding = 4; lastKnownFileType = sourcecode.c.h; path = AboutViewController.h; sourceTree = "<group>"; };
		3759720E15F45E4D00924643 /* AboutViewController.m */ = {isa = PBXFileReference; fileEncoding = 4; lastKnownFileType = sourcecode.c.objc; path = AboutViewController.m; sourceTree = "<group>"; };
		3759720F15F45E4D00924643 /* AboutViewController.xib */ = {isa = PBXFileReference; fileEncoding = 4; lastKnownFileType = file.xib; path = AboutViewController.xib; sourceTree = "<group>"; };
		3759721215F45F5C00924643 /* FoursquareNetworkController.h */ = {isa = PBXFileReference; fileEncoding = 4; lastKnownFileType = sourcecode.c.h; path = FoursquareNetworkController.h; sourceTree = "<group>"; };
		3759721315F45F5C00924643 /* FoursquareNetworkController.m */ = {isa = PBXFileReference; fileEncoding = 4; lastKnownFileType = sourcecode.c.objc; path = FoursquareNetworkController.m; sourceTree = "<group>"; };
		3759721515F4617A00924643 /* AuthenticationViewController.h */ = {isa = PBXFileReference; fileEncoding = 4; lastKnownFileType = sourcecode.c.h; path = AuthenticationViewController.h; sourceTree = "<group>"; };
		3759721615F4617A00924643 /* AuthenticationViewController.m */ = {isa = PBXFileReference; fileEncoding = 4; lastKnownFileType = sourcecode.c.objc; path = AuthenticationViewController.m; sourceTree = "<group>"; };
		37A4564215F468A100A76BFF /* VenuesViewController.h */ = {isa = PBXFileReference; fileEncoding = 4; lastKnownFileType = sourcecode.c.h; path = VenuesViewController.h; sourceTree = "<group>"; };
		37A4564315F468A100A76BFF /* VenuesViewController.m */ = {isa = PBXFileReference; fileEncoding = 4; lastKnownFileType = sourcecode.c.objc; path = VenuesViewController.m; sourceTree = "<group>"; };
		37A4564515F4690800A76BFF /* connect-black@2x.png */ = {isa = PBXFileReference; lastKnownFileType = image.png; path = "connect-black@2x.png"; sourceTree = "<group>"; };
		37A4564615F4690800A76BFF /* connect-black.png */ = {isa = PBXFileReference; lastKnownFileType = image.png; path = "connect-black.png"; sourceTree = "<group>"; };
		37A4564F15F479BD00A76BFF /* HCUtils.h */ = {isa = PBXFileReference; fileEncoding = 4; lastKnownFileType = sourcecode.c.h; path = HCUtils.h; sourceTree = "<group>"; };
		37A4565015F479BD00A76BFF /* HCUtils.m */ = {isa = PBXFileReference; fileEncoding = 4; lastKnownFileType = sourcecode.c.objc; path = HCUtils.m; sourceTree = "<group>"; };
		37A4565215F4968F00A76BFF /* VenueDetailControllerViewController.h */ = {isa = PBXFileReference; fileEncoding = 4; lastKnownFileType = sourcecode.c.h; path = VenueDetailControllerViewController.h; sourceTree = "<group>"; };
		37A4565315F4968F00A76BFF /* VenueDetailControllerViewController.m */ = {isa = PBXFileReference; fileEncoding = 4; lastKnownFileType = sourcecode.c.objc; path = VenueDetailControllerViewController.m; sourceTree = "<group>"; };
/* End PBXFileReference section */

/* Begin PBXFrameworksBuildPhase section */
		375971D415F45DCF00924643 /* Frameworks */ = {
			isa = PBXFrameworksBuildPhase;
			buildActionMask = 2147483647;
			files = (
				375971FC15F45DE700924643 /* AudioToolbox.framework in Frameworks */,
				375971FE15F45DE700924643 /* AVFoundation.framework in Frameworks */,
				375971FF15F45DE700924643 /* CoreLocation.framework in Frameworks */,
				375971DC15F45DCF00924643 /* UIKit.framework in Frameworks */,
				375971DE15F45DCF00924643 /* Foundation.framework in Frameworks */,
				375971E015F45DCF00924643 /* CoreGraphics.framework in Frameworks */,
			);
			runOnlyForDeploymentPostprocessing = 0;
		};
/* End PBXFrameworksBuildPhase section */

/* Begin PBXGroup section */
		375971CC15F45DCF00924643 = {
			isa = PBXGroup;
			children = (
				375971E115F45DCF00924643 /* HearClear */,
				375971DA15F45DCF00924643 /* Frameworks */,
				375971D815F45DCF00924643 /* Products */,
			);
			sourceTree = "<group>";
		};
		375971D815F45DCF00924643 /* Products */ = {
			isa = PBXGroup;
			children = (
				375971D715F45DCF00924643 /* HearClear.app */,
			);
			name = Products;
			sourceTree = "<group>";
		};
		375971DA15F45DCF00924643 /* Frameworks */ = {
			isa = PBXGroup;
			children = (
				375971F815F45DE700924643 /* AudioToolbox.framework */,
				375971FA15F45DE700924643 /* AVFoundation.framework */,
				375971FB15F45DE700924643 /* CoreLocation.framework */,
				375971DB15F45DCF00924643 /* UIKit.framework */,
				375971DD15F45DCF00924643 /* Foundation.framework */,
				375971DF15F45DCF00924643 /* CoreGraphics.framework */,
			);
			name = Frameworks;
			sourceTree = "<group>";
		};
		375971E115F45DCF00924643 /* HearClear */ = {
			isa = PBXGroup;
			children = (
				37A4564E15F479A900A76BFF /* Model */,
				37A4564915F4690B00A76BFF /* Assets */,
				3759720C15F45E4000924643 /* About */,
				3759720615F45E2300924643 /* Main */,
				3759720515F45E1500924643 /* Venue Sampling */,
				3759720415F45E1000924643 /* Checkin */,
				3759720315F45E0A00924643 /* Authentication */,
				3759720215F45DFE00924643 /* Sampling Support */,
				3759720115F45DF800924643 /* Backend Networking */,
				3759720015F45DF100924643 /* Foursquare Networking */,
				375971EA15F45DCF00924643 /* AppDelegate.h */,
				375971EB15F45DCF00924643 /* AppDelegate.m */,
				375971ED15F45DCF00924643 /* MainStoryboard.storyboard */,
				375971F015F45DCF00924643 /* ViewController.h */,
				375971F115F45DCF00924643 /* ViewController.m */,
				375971E215F45DCF00924643 /* Supporting Files */,
			);
			path = HearClear;
			sourceTree = "<group>";
		};
		375971E215F45DCF00924643 /* Supporting Files */ = {
			isa = PBXGroup;
			children = (
				375971E315F45DCF00924643 /* HearClear-Info.plist */,
				375971E415F45DCF00924643 /* InfoPlist.strings */,
				375971E715F45DCF00924643 /* main.m */,
				375971E915F45DCF00924643 /* HearClear-Prefix.pch */,
			);
			name = "Supporting Files";
			sourceTree = "<group>";
		};
		3759720015F45DF100924643 /* Foursquare Networking */ = {
			isa = PBXGroup;
			children = (
				3759721215F45F5C00924643 /* FoursquareNetworkController.h */,
				3759721315F45F5C00924643 /* FoursquareNetworkController.m */,
				370151B315F5B0FE004C7E58 /* FSNetwork.h */,
				370151B415F5B0FE004C7E58 /* FSNetwork.m */,
			);
			name = "Foursquare Networking";
			sourceTree = "<group>";
		};
		3759720115F45DF800924643 /* Backend Networking */ = {
			isa = PBXGroup;
			children = (
				370151B715F5B107004C7E58 /* HCNetwork.h */,
				370151B815F5B107004C7E58 /* HCNetwork.m */,
			);
			name = "Backend Networking";
			sourceTree = "<group>";
		};
		3759720215F45DFE00924643 /* Sampling Support */ = {
			isa = PBXGroup;
			children = (
			);
			name = "Sampling Support";
			sourceTree = "<group>";
		};
		3759720315F45E0A00924643 /* Authentication */ = {
			isa = PBXGroup;
			children = (
				3759721515F4617A00924643 /* AuthenticationViewController.h */,
				3759721615F4617A00924643 /* AuthenticationViewController.m */,
			);
			name = Authentication;
			sourceTree = "<group>";
		};
		3759720415F45E1000924643 /* Checkin */ = {
			isa = PBXGroup;
			children = (
				37A4564215F468A100A76BFF /* VenuesViewController.h */,
				37A4564315F468A100A76BFF /* VenuesViewController.m */,
				37A4565215F4968F00A76BFF /* VenueDetailControllerViewController.h */,
				37A4565315F4968F00A76BFF /* VenueDetailControllerViewController.m */,
			);
			name = Checkin;
			sourceTree = "<group>";
		};
		3759720515F45E1500924643 /* Venue Sampling */ = {
			isa = PBXGroup;
			children = (
				370151BD15F5C082004C7E58 /* VenueSampleViewController.h */,
				370151BE15F5C082004C7E58 /* VenueSampleViewController.m */,
			);
			name = "Venue Sampling";
			sourceTree = "<group>";
		};
		3759720615F45E2300924643 /* Main */ = {
			isa = PBXGroup;
			children = (
				3759720715F45E3A00924643 /* MainViewController.h */,
				3759720815F45E3A00924643 /* MainViewController.m */,
			);
			name = Main;
			sourceTree = "<group>";
		};
		3759720C15F45E4000924643 /* About */ = {
			isa = PBXGroup;
			children = (
				3759720D15F45E4D00924643 /* AboutViewController.h */,
				3759720E15F45E4D00924643 /* AboutViewController.m */,
				3759720F15F45E4D00924643 /* AboutViewController.xib */,
			);
			name = About;
			sourceTree = "<group>";
		};
		37A4564915F4690B00A76BFF /* Assets */ = {
			isa = PBXGroup;
			children = (
				37A4564515F4690800A76BFF /* connect-black@2x.png */,
				37A4564615F4690800A76BFF /* connect-black.png */,
			);
			name = Assets;
			sourceTree = "<group>";
		};
		37A4564E15F479A900A76BFF /* Model */ = {
			isa = PBXGroup;
			children = (
				37A4564F15F479BD00A76BFF /* HCUtils.h */,
				37A4565015F479BD00A76BFF /* HCUtils.m */,
				370151BA15F5B58B004C7E58 /* NSDictionary+Utils.h */,
				370151BB15F5B58B004C7E58 /* NSDictionary+Utils.m */,
			);
			name = Model;
			sourceTree = "<group>";
		};
/* End PBXGroup section */

/* Begin PBXNativeTarget section */
		375971D615F45DCF00924643 /* HearClear */ = {
			isa = PBXNativeTarget;
			buildConfigurationList = 375971F515F45DCF00924643 /* Build configuration list for PBXNativeTarget "HearClear" */;
			buildPhases = (
				375971D315F45DCF00924643 /* Sources */,
				375971D415F45DCF00924643 /* Frameworks */,
				375971D515F45DCF00924643 /* Resources */,
			);
			buildRules = (
			);
			dependencies = (
			);
			name = HearClear;
			productName = HearClear;
			productReference = 375971D715F45DCF00924643 /* HearClear.app */;
			productType = "com.apple.product-type.application";
		};
/* End PBXNativeTarget section */

/* Begin PBXProject section */
		375971CE15F45DCF00924643 /* Project object */ = {
			isa = PBXProject;
			attributes = {
				LastUpgradeCheck = 0440;
				ORGANIZATIONNAME = "Dan Nolan";
			};
			buildConfigurationList = 375971D115F45DCF00924643 /* Build configuration list for PBXProject "HearClear" */;
			compatibilityVersion = "Xcode 3.2";
			developmentRegion = English;
			hasScannedForEncodings = 0;
			knownRegions = (
				en,
			);
			mainGroup = 375971CC15F45DCF00924643;
			productRefGroup = 375971D815F45DCF00924643 /* Products */;
			projectDirPath = "";
			projectRoot = "";
			targets = (
				375971D615F45DCF00924643 /* HearClear */,
			);
		};
/* End PBXProject section */

/* Begin PBXResourcesBuildPhase section */
		375971D515F45DCF00924643 /* Resources */ = {
			isa = PBXResourcesBuildPhase;
			buildActionMask = 2147483647;
			files = (
				375971E615F45DCF00924643 /* InfoPlist.strings in Resources */,
				375971EF15F45DCF00924643 /* MainStoryboard.storyboard in Resources */,
				3759721115F45E4D00924643 /* AboutViewController.xib in Resources */,
				37A4564715F4690800A76BFF /* connect-black@2x.png in Resources */,
				37A4564815F4690800A76BFF /* connect-black.png in Resources */,
			);
			runOnlyForDeploymentPostprocessing = 0;
		};
/* End PBXResourcesBuildPhase section */

/* Begin PBXSourcesBuildPhase section */
		375971D315F45DCF00924643 /* Sources */ = {
			isa = PBXSourcesBuildPhase;
			buildActionMask = 2147483647;
			files = (
				375971E815F45DCF00924643 /* main.m in Sources */,
				375971EC15F45DCF00924643 /* AppDelegate.m in Sources */,
				375971F215F45DCF00924643 /* ViewController.m in Sources */,
				3759720A15F45E3A00924643 /* MainViewController.m in Sources */,
				3759721015F45E4D00924643 /* AboutViewController.m in Sources */,
				3759721415F45F5C00924643 /* FoursquareNetworkController.m in Sources */,
				3759721715F4617A00924643 /* AuthenticationViewController.m in Sources */,
				37A4564415F468A100A76BFF /* VenuesViewController.m in Sources */,
				37A4565115F479BD00A76BFF /* HCUtils.m in Sources */,
				37A4565415F4968F00A76BFF /* VenueDetailControllerViewController.m in Sources */,
				370151B515F5B0FE004C7E58 /* FSNetwork.m in Sources */,
				370151B915F5B107004C7E58 /* HCNetwork.m in Sources */,
				370151BC15F5B58B004C7E58 /* NSDictionary+Utils.m in Sources */,
				370151BF15F5C083004C7E58 /* VenueSampleViewController.m in Sources */,
			);
			runOnlyForDeploymentPostprocessing = 0;
		};
/* End PBXSourcesBuildPhase section */

/* Begin PBXVariantGroup section */
		375971E415F45DCF00924643 /* InfoPlist.strings */ = {
			isa = PBXVariantGroup;
			children = (
				375971E515F45DCF00924643 /* en */,
			);
			name = InfoPlist.strings;
			sourceTree = "<group>";
		};
		375971ED15F45DCF00924643 /* MainStoryboard.storyboard */ = {
			isa = PBXVariantGroup;
			children = (
				375971EE15F45DCF00924643 /* en */,
			);
			name = MainStoryboard.storyboard;
			sourceTree = "<group>";
		};
/* End PBXVariantGroup section */

/* Begin XCBuildConfiguration section */
		375971F315F45DCF00924643 /* Debug */ = {
			isa = XCBuildConfiguration;
			buildSettings = {
				ALWAYS_SEARCH_USER_PATHS = NO;
				ARCHS = "$(ARCHS_STANDARD_32_BIT)";
				CLANG_CXX_LANGUAGE_STANDARD = "gnu++0x";
				CLANG_ENABLE_OBJC_ARC = YES;
				CLANG_WARN__DUPLICATE_METHOD_MATCH = YES;
				"CODE_SIGN_IDENTITY[sdk=iphoneos*]" = "iPhone Developer";
				COPY_PHASE_STRIP = NO;
				GCC_C_LANGUAGE_STANDARD = gnu99;
				GCC_DYNAMIC_NO_PIC = NO;
				GCC_OPTIMIZATION_LEVEL = 0;
				GCC_PREPROCESSOR_DEFINITIONS = (
					"DEBUG=1",
					"$(inherited)",
				);
				GCC_SYMBOLS_PRIVATE_EXTERN = NO;
				GCC_VERSION = com.apple.compilers.llvm.clang.1_0;
				GCC_WARN_ABOUT_RETURN_TYPE = YES;
				GCC_WARN_UNINITIALIZED_AUTOS = YES;
				GCC_WARN_UNUSED_VARIABLE = YES;
				IPHONEOS_DEPLOYMENT_TARGET = 5.1;
				SDKROOT = iphoneos;
			};
			name = Debug;
		};
		375971F415F45DCF00924643 /* Release */ = {
			isa = XCBuildConfiguration;
			buildSettings = {
				ALWAYS_SEARCH_USER_PATHS = NO;
				ARCHS = "$(ARCHS_STANDARD_32_BIT)";
				CLANG_CXX_LANGUAGE_STANDARD = "gnu++0x";
				CLANG_ENABLE_OBJC_ARC = YES;
				CLANG_WARN__DUPLICATE_METHOD_MATCH = YES;
				"CODE_SIGN_IDENTITY[sdk=iphoneos*]" = "iPhone Developer";
				COPY_PHASE_STRIP = YES;
				GCC_C_LANGUAGE_STANDARD = gnu99;
				GCC_VERSION = com.apple.compilers.llvm.clang.1_0;
				GCC_WARN_ABOUT_RETURN_TYPE = YES;
				GCC_WARN_UNINITIALIZED_AUTOS = YES;
				GCC_WARN_UNUSED_VARIABLE = YES;
				IPHONEOS_DEPLOYMENT_TARGET = 5.1;
				OTHER_CFLAGS = "-DNS_BLOCK_ASSERTIONS=1";
				SDKROOT = iphoneos;
				VALIDATE_PRODUCT = YES;
			};
			name = Release;
		};
		375971F615F45DCF00924643 /* Debug */ = {
			isa = XCBuildConfiguration;
			buildSettings = {
				GCC_PRECOMPILE_PREFIX_HEADER = YES;
				GCC_PREFIX_HEADER = "HearClear/HearClear-Prefix.pch";
				INFOPLIST_FILE = "HearClear/HearClear-Info.plist";
				PRODUCT_NAME = "$(TARGET_NAME)";
				WRAPPER_EXTENSION = app;
			};
			name = Debug;
		};
		375971F715F45DCF00924643 /* Release */ = {
			isa = XCBuildConfiguration;
			buildSettings = {
				GCC_PRECOMPILE_PREFIX_HEADER = YES;
				GCC_PREFIX_HEADER = "HearClear/HearClear-Prefix.pch";
				INFOPLIST_FILE = "HearClear/HearClear-Info.plist";
				PRODUCT_NAME = "$(TARGET_NAME)";
				WRAPPER_EXTENSION = app;
			};
			name = Release;
		};
/* End XCBuildConfiguration section */

/* Begin XCConfigurationList section */
		375971D115F45DCF00924643 /* Build configuration list for PBXProject "HearClear" */ = {
			isa = XCConfigurationList;
			buildConfigurations = (
				375971F315F45DCF00924643 /* Debug */,
				375971F415F45DCF00924643 /* Release */,
			);
			defaultConfigurationIsVisible = 0;
			defaultConfigurationName = Release;
		};
		375971F515F45DCF00924643 /* Build configuration list for PBXNativeTarget "HearClear" */ = {
			isa = XCConfigurationList;
			buildConfigurations = (
				375971F615F45DCF00924643 /* Debug */,
				375971F715F45DCF00924643 /* Release */,
			);
			defaultConfigurationIsVisible = 0;
			defaultConfigurationName = Release;
		};
/* End XCConfigurationList section */
	};
	rootObject = 375971CE15F45DCF00924643 /* Project object */;
}
