// !$*UTF8*$!
{
	archiveVersion = 1;
	classes = {
	};
	objectVersion = 46;
	objects = {

/* Begin PBXBuildFile section */
		375971DC15F45DCF00924643 /* UIKit.framework in Frameworks */ = {isa = PBXBuildFile; fileRef = 375971DB15F45DCF00924643 /* UIKit.framework */; };
		375971DE15F45DCF00924643 /* Foundation.framework in Frameworks */ = {isa = PBXBuildFile; fileRef = 375971DD15F45DCF00924643 /* Foundation.framework */; };
		375971E015F45DCF00924643 /* CoreGraphics.framework in Frameworks */ = {isa = PBXBuildFile; fileRef = 375971DF15F45DCF00924643 /* CoreGraphics.framework */; };
		375971E615F45DCF00924643 /* InfoPlist.strings in Resources */ = {isa = PBXBuildFile; fileRef = 375971E415F45DCF00924643 /* InfoPlist.strings */; };
		375971E815F45DCF00924643 /* main.m in Sources */ = {isa = PBXBuildFile; fileRef = 375971E715F45DCF00924643 /* main.m */; };
		375971EC15F45DCF00924643 /* AppDelegate.m in Sources */ = {isa = PBXBuildFile; fileRef = 375971EB15F45DCF00924643 /* AppDelegate.m */; };
		375971EF15F45DCF00924643 /* MainStoryboard.storyboard in Resources */ = {isa = PBXBuildFile; fileRef = 375971ED15F45DCF00924643 /* MainStoryboard.storyboard */; };
		375971F215F45DCF00924643 /* ViewController.m in Sources */ = {isa = PBXBuildFile; fileRef = 375971F115F45DCF00924643 /* ViewController.m */; };
/* End PBXBuildFile section */

/* Begin PBXFileReference section */
		375971D715F45DCF00924643 /* HearClear.app */ = {isa = PBXFileReference; explicitFileType = wrapper.application; includeInIndex = 0; path = HearClear.app; sourceTree = BUILT_PRODUCTS_DIR; };
		375971DB15F45DCF00924643 /* UIKit.framework */ = {isa = PBXFileReference; lastKnownFileType = wrapper.framework; name = UIKit.framework; path = System/Library/Frameworks/UIKit.framework; sourceTree = SDKROOT; };
		375971DD15F45DCF00924643 /* Foundation.framework */ = {isa = PBXFileReference; lastKnownFileType = wrapper.framework; name = Foundation.framework; path = System/Library/Frameworks/Foundation.framework; sourceTree = SDKROOT; };
		375971DF15F45DCF00924643 /* CoreGraphics.framework */ = {isa = PBXFileReference; lastKnownFileType = wrapper.framework; name = CoreGraphics.framework; path = System/Library/Frameworks/CoreGraphics.framework; sourceTree = SDKROOT; };
		375971E315F45DCF00924643 /* HearClear-Info.plist */ = {isa = PBXFileReference; lastKnownFileType = text.plist.xml; path = "HearClear-Info.plist"; sourceTree = "<group>"; };
		375971E515F45DCF00924643 /* en */ = {isa = PBXFileReference; lastKnownFileType = text.plist.strings; name = en; path = en.lproj/InfoPlist.strings; sourceTree = "<group>"; };
		375971E715F45DCF00924643 /* main.m */ = {isa = PBXFileReference; lastKnownFileType = sourcecode.c.objc; path = main.m; sourceTree = "<group>"; };
		375971E915F45DCF00924643 /* HearClear-Prefix.pch */ = {isa = PBXFileReference; lastKnownFileType = sourcecode.c.h; path = "HearClear-Prefix.pch"; sourceTree = "<group>"; };
		375971EA15F45DCF00924643 /* AppDelegate.h */ = {isa = PBXFileReference; lastKnownFileType = sourcecode.c.h; path = AppDelegate.h; sourceTree = "<group>"; };
		375971EB15F45DCF00924643 /* AppDelegate.m */ = {isa = PBXFileReference; lastKnownFileType = sourcecode.c.objc; path = AppDelegate.m; sourceTree = "<group>"; };
		375971EE15F45DCF00924643 /* en */ = {isa = PBXFileReference; lastKnownFileType = file.storyboard; name = en; path = en.lproj/MainStoryboard.storyboard; sourceTree = "<group>"; };
		375971F015F45DCF00924643 /* ViewController.h */ = {isa = PBXFileReference; lastKnownFileType = sourcecode.c.h; path = ViewController.h; sourceTree = "<group>"; };
		375971F115F45DCF00924643 /* ViewController.m */ = {isa = PBXFileReference; lastKnownFileType = sourcecode.c.objc; path = ViewController.m; sourceTree = "<group>"; };
/* End PBXFileReference section */

/* Begin PBXFrameworksBuildPhase section */
		375971D415F45DCF00924643 /* Frameworks */ = {
			isa = PBXFrameworksBuildPhase;
			buildActionMask = 2147483647;
			files = (
				375971DC15F45DCF00924643 /* UIKit.framework in Frameworks */,
				375971DE15F45DCF00924643 /* Foundation.framework in Frameworks */,
				375971E015F45DCF00924643 /* CoreGraphics.framework in Frameworks */,
			);
			runOnlyForDeploymentPostprocessing = 0;
		};
/* End PBXFrameworksBuildPhase section */

/* Begin PBXGroup section */
		375971CC15F45DCF00924643 = {
			isa = PBXGroup;
			children = (
				375971E115F45DCF00924643 /* HearClear */,
				375971DA15F45DCF00924643 /* Frameworks */,
				375971D815F45DCF00924643 /* Products */,
			);
			sourceTree = "<group>";
		};
		375971D815F45DCF00924643 /* Products */ = {
			isa = PBXGroup;
			children = (
				375971D715F45DCF00924643 /* HearClear.app */,
			);
			name = Products;
			sourceTree = "<group>";
		};
		375971DA15F45DCF00924643 /* Frameworks */ = {
			isa = PBXGroup;
			children = (
				375971DB15F45DCF00924643 /* UIKit.framework */,
				375971DD15F45DCF00924643 /* Foundation.framework */,
				375971DF15F45DCF00924643 /* CoreGraphics.framework */,
			);
			name = Frameworks;
			sourceTree = "<group>";
		};
		375971E115F45DCF00924643 /* HearClear */ = {
			isa = PBXGroup;
			children = (
				375971EA15F45DCF00924643 /* AppDelegate.h */,
				375971EB15F45DCF00924643 /* AppDelegate.m */,
				375971ED15F45DCF00924643 /* MainStoryboard.storyboard */,
				375971F015F45DCF00924643 /* ViewController.h */,
				375971F115F45DCF00924643 /* ViewController.m */,
				375971E215F45DCF00924643 /* Supporting Files */,
			);
			path = HearClear;
			sourceTree = "<group>";
		};
		375971E215F45DCF00924643 /* Supporting Files */ = {
			isa = PBXGroup;
			children = (
				375971E315F45DCF00924643 /* HearClear-Info.plist */,
				375971E415F45DCF00924643 /* InfoPlist.strings */,
				375971E715F45DCF00924643 /* main.m */,
				375971E915F45DCF00924643 /* HearClear-Prefix.pch */,
			);
			name = "Supporting Files";
			sourceTree = "<group>";
		};
/* End PBXGroup section */

/* Begin PBXNativeTarget section */
		375971D615F45DCF00924643 /* HearClear */ = {
			isa = PBXNativeTarget;
			buildConfigurationList = 375971F515F45DCF00924643 /* Build configuration list for PBXNativeTarget "HearClear" */;
			buildPhases = (
				375971D315F45DCF00924643 /* Sources */,
				375971D415F45DCF00924643 /* Frameworks */,
				375971D515F45DCF00924643 /* Resources */,
			);
			buildRules = (
			);
			dependencies = (
			);
			name = HearClear;
			productName = HearClear;
			productReference = 375971D715F45DCF00924643 /* HearClear.app */;
			productType = "com.apple.product-type.application";
		};
/* End PBXNativeTarget section */

/* Begin PBXProject section */
		375971CE15F45DCF00924643 /* Project object */ = {
			isa = PBXProject;
			attributes = {
				LastUpgradeCheck = 0440;
				ORGANIZATIONNAME = "Dan Nolan";
			};
			buildConfigurationList = 375971D115F45DCF00924643 /* Build configuration list for PBXProject "HearClear" */;
			compatibilityVersion = "Xcode 3.2";
			developmentRegion = English;
			hasScannedForEncodings = 0;
			knownRegions = (
				en,
			);
			mainGroup = 375971CC15F45DCF00924643;
			productRefGroup = 375971D815F45DCF00924643 /* Products */;
			projectDirPath = "";
			projectRoot = "";
			targets = (
				375971D615F45DCF00924643 /* HearClear */,
			);
		};
/* End PBXProject section */

/* Begin PBXResourcesBuildPhase section */
		375971D515F45DCF00924643 /* Resources */ = {
			isa = PBXResourcesBuildPhase;
			buildActionMask = 2147483647;
			files = (
				375971E615F45DCF00924643 /* InfoPlist.strings in Resources */,
				375971EF15F45DCF00924643 /* MainStoryboard.storyboard in Resources */,
			);
			runOnlyForDeploymentPostprocessing = 0;
		};
/* End PBXResourcesBuildPhase section */

/* Begin PBXSourcesBuildPhase section */
		375971D315F45DCF00924643 /* Sources */ = {
			isa = PBXSourcesBuildPhase;
			buildActionMask = 2147483647;
			files = (
				375971E815F45DCF00924643 /* main.m in Sources */,
				375971EC15F45DCF00924643 /* AppDelegate.m in Sources */,
				375971F215F45DCF00924643 /* ViewController.m in Sources */,
			);
			runOnlyForDeploymentPostprocessing = 0;
		};
/* End PBXSourcesBuildPhase section */

/* Begin PBXVariantGroup section */
		375971E415F45DCF00924643 /* InfoPlist.strings */ = {
			isa = PBXVariantGroup;
			children = (
				375971E515F45DCF00924643 /* en */,
			);
			name = InfoPlist.strings;
			sourceTree = "<group>";
		};
		375971ED15F45DCF00924643 /* MainStoryboard.storyboard */ = {
			isa = PBXVariantGroup;
			children = (
				375971EE15F45DCF00924643 /* en */,
			);
			name = MainStoryboard.storyboard;
			sourceTree = "<group>";
		};
/* End PBXVariantGroup section */

/* Begin XCBuildConfiguration section */
		375971F315F45DCF00924643 /* Debug */ = {
			isa = XCBuildConfiguration;
			buildSettings = {
				ALWAYS_SEARCH_USER_PATHS = NO;
				ARCHS = "$(ARCHS_STANDARD_32_BIT)";
				CLANG_CXX_LANGUAGE_STANDARD = "gnu++0x";
				CLANG_ENABLE_OBJC_ARC = YES;
				CLANG_WARN__DUPLICATE_METHOD_MATCH = YES;
				"CODE_SIGN_IDENTITY[sdk=iphoneos*]" = "iPhone Developer";
				COPY_PHASE_STRIP = NO;
				GCC_C_LANGUAGE_STANDARD = gnu99;
				GCC_DYNAMIC_NO_PIC = NO;
				GCC_OPTIMIZATION_LEVEL = 0;
				GCC_PREPROCESSOR_DEFINITIONS = (
					"DEBUG=1",
					"$(inherited)",
				);
				GCC_SYMBOLS_PRIVATE_EXTERN = NO;
				GCC_VERSION = com.apple.compilers.llvm.clang.1_0;
				GCC_WARN_ABOUT_RETURN_TYPE = YES;
				GCC_WARN_UNINITIALIZED_AUTOS = YES;
				GCC_WARN_UNUSED_VARIABLE = YES;
				IPHONEOS_DEPLOYMENT_TARGET = 5.1;
				SDKROOT = iphoneos;
			};
			name = Debug;
		};
		375971F415F45DCF00924643 /* Release */ = {
			isa = XCBuildConfiguration;
			buildSettings = {
				ALWAYS_SEARCH_USER_PATHS = NO;
				ARCHS = "$(ARCHS_STANDARD_32_BIT)";
				CLANG_CXX_LANGUAGE_STANDARD = "gnu++0x";
				CLANG_ENABLE_OBJC_ARC = YES;
				CLANG_WARN__DUPLICATE_METHOD_MATCH = YES;
				"CODE_SIGN_IDENTITY[sdk=iphoneos*]" = "iPhone Developer";
				COPY_PHASE_STRIP = YES;
				GCC_C_LANGUAGE_STANDARD = gnu99;
				GCC_VERSION = com.apple.compilers.llvm.clang.1_0;
				GCC_WARN_ABOUT_RETURN_TYPE = YES;
				GCC_WARN_UNINITIALIZED_AUTOS = YES;
				GCC_WARN_UNUSED_VARIABLE = YES;
				IPHONEOS_DEPLOYMENT_TARGET = 5.1;
				OTHER_CFLAGS = "-DNS_BLOCK_ASSERTIONS=1";
				SDKROOT = iphoneos;
				VALIDATE_PRODUCT = YES;
			};
			name = Release;
		};
		375971F615F45DCF00924643 /* Debug */ = {
			isa = XCBuildConfiguration;
			buildSettings = {
				GCC_PRECOMPILE_PREFIX_HEADER = YES;
				GCC_PREFIX_HEADER = "HearClear/HearClear-Prefix.pch";
				INFOPLIST_FILE = "HearClear/HearClear-Info.plist";
				PRODUCT_NAME = "$(TARGET_NAME)";
				WRAPPER_EXTENSION = app;
			};
			name = Debug;
		};
		375971F715F45DCF00924643 /* Release */ = {
			isa = XCBuildConfiguration;
			buildSettings = {
				GCC_PRECOMPILE_PREFIX_HEADER = YES;
				GCC_PREFIX_HEADER = "HearClear/HearClear-Prefix.pch";
				INFOPLIST_FILE = "HearClear/HearClear-Info.plist";
				PRODUCT_NAME = "$(TARGET_NAME)";
				WRAPPER_EXTENSION = app;
			};
			name = Release;
		};
/* End XCBuildConfiguration section */

/* Begin XCConfigurationList section */
		375971D115F45DCF00924643 /* Build configuration list for PBXProject "HearClear" */ = {
			isa = XCConfigurationList;
			buildConfigurations = (
				375971F315F45DCF00924643 /* Debug */,
				375971F415F45DCF00924643 /* Release */,
			);
			defaultConfigurationIsVisible = 0;
			defaultConfigurationName = Release;
		};
		375971F515F45DCF00924643 /* Build configuration list for PBXNativeTarget "HearClear" */ = {
			isa = XCConfigurationList;
			buildConfigurations = (
				375971F615F45DCF00924643 /* Debug */,
				375971F715F45DCF00924643 /* Release */,
			);
			defaultConfigurationIsVisible = 0;
		};
/* End XCConfigurationList section */
	};
	rootObject = 375971CE15F45DCF00924643 /* Project object */;
}
